
Microsoft Visual Studio Solution File, Format Version 12.00
# Visual Studio Version 16
VisualStudioVersion = 16.0.30114.105
MinimumVisualStudioVersion = 10.0.40219.1
Project("{FAE04EC0-301F-11D3-BF4B-00C04F79EFBC}") = "Cerpent.Core", "src\Cerpent.Core\Cerpent.Core.csproj", "{14BBA4D4-95E4-419B-A4DD-EB1BE8AFF00C}"
EndProject
Project("{FAE04EC0-301F-11D3-BF4B-00C04F79EFBC}") = "Cerpent.MockPlatform", "src\Cerpent.MockPlatform\Cerpent.MockPlatform.csproj", "{B174E346-0299-40D6-9C33-8AE08FC9DD34}"
EndProject
Project("{FAE04EC0-301F-11D3-BF4B-00C04F79EFBC}") = "Cerpent.MockPlatform.Test", "src\Cerpent.MockPlatform.Test\Cerpent.MockPlatform.Test.csproj", "{0AB1DA63-E31B-486B-893C-D6BEEDA9DFAA}"
EndProject
Project("{2150E333-8FDC-42A3-9474-1A3956D46DE8}") = "AWS", "AWS", "{BD4C387E-2833-4D50-8811-48BA44AD78C6}"
EndProject
Project("{FAE04EC0-301F-11D3-BF4B-00C04F79EFBC}") = "Cerpent.AWS.ControlStand", "src\AWS\Cerpent.AWS.ControlStand\src\Cerpent.AWS.ControlStand\Cerpent.AWS.ControlStand.csproj", "{64D400C5-DE9B-40CD-BA0C-5A319358A306}"
EndProject
Project("{2150E333-8FDC-42A3-9474-1A3956D46DE8}") = "MockPlatform", "MockPlatform", "{84E84C5A-B660-4368-BBD6-4646751286CD}"
EndProject
Project("{FAE04EC0-301F-11D3-BF4B-00C04F79EFBC}") = "Cerpent.AWS.DB", "src\Cerpent.AWS.DB\Cerpent.AWS.DB.csproj", "{EC81FF89-0EC0-4690-A69F-47B3177D9625}"
EndProject
Project("{2150E333-8FDC-42A3-9474-1A3956D46DE8}") = "Core", "Core", "{02E7E0F3-F0B0-4411-8609-AA0F00F0ABBC}"
EndProject
Project("{FAE04EC0-301F-11D3-BF4B-00C04F79EFBC}") = "Cerpent.Core.Contract", "src\Cerpent.Core.Contract\Cerpent.Core.Contract.csproj", "{9A574FA7-F057-4DE7-BD09-4767B505E312}"
EndProject
Global
	GlobalSection(SolutionConfigurationPlatforms) = preSolution
		Debug|Any CPU = Debug|Any CPU
		Release|Any CPU = Release|Any CPU
	EndGlobalSection
	GlobalSection(SolutionProperties) = preSolution
		HideSolutionNode = FALSE
	EndGlobalSection
	GlobalSection(ProjectConfigurationPlatforms) = postSolution
		{14BBA4D4-95E4-419B-A4DD-EB1BE8AFF00C}.Debug|Any CPU.ActiveCfg = Debug|Any CPU
		{14BBA4D4-95E4-419B-A4DD-EB1BE8AFF00C}.Debug|Any CPU.Build.0 = Debug|Any CPU
		{14BBA4D4-95E4-419B-A4DD-EB1BE8AFF00C}.Release|Any CPU.ActiveCfg = Release|Any CPU
		{14BBA4D4-95E4-419B-A4DD-EB1BE8AFF00C}.Release|Any CPU.Build.0 = Release|Any CPU
		{B174E346-0299-40D6-9C33-8AE08FC9DD34}.Debug|Any CPU.ActiveCfg = Debug|Any CPU
		{B174E346-0299-40D6-9C33-8AE08FC9DD34}.Debug|Any CPU.Build.0 = Debug|Any CPU
		{B174E346-0299-40D6-9C33-8AE08FC9DD34}.Release|Any CPU.ActiveCfg = Release|Any CPU
		{B174E346-0299-40D6-9C33-8AE08FC9DD34}.Release|Any CPU.Build.0 = Release|Any CPU
		{0AB1DA63-E31B-486B-893C-D6BEEDA9DFAA}.Debug|Any CPU.ActiveCfg = Debug|Any CPU
		{0AB1DA63-E31B-486B-893C-D6BEEDA9DFAA}.Debug|Any CPU.Build.0 = Debug|Any CPU
		{0AB1DA63-E31B-486B-893C-D6BEEDA9DFAA}.Release|Any CPU.ActiveCfg = Release|Any CPU
		{0AB1DA63-E31B-486B-893C-D6BEEDA9DFAA}.Release|Any CPU.Build.0 = Release|Any CPU
		{64D400C5-DE9B-40CD-BA0C-5A319358A306}.Debug|Any CPU.ActiveCfg = Debug|Any CPU
		{64D400C5-DE9B-40CD-BA0C-5A319358A306}.Debug|Any CPU.Build.0 = Debug|Any CPU
		{64D400C5-DE9B-40CD-BA0C-5A319358A306}.Release|Any CPU.ActiveCfg = Release|Any CPU
		{64D400C5-DE9B-40CD-BA0C-5A319358A306}.Release|Any CPU.Build.0 = Release|Any CPU
		{EC81FF89-0EC0-4690-A69F-47B3177D9625}.Debug|Any CPU.ActiveCfg = Debug|Any CPU
		{EC81FF89-0EC0-4690-A69F-47B3177D9625}.Debug|Any CPU.Build.0 = Debug|Any CPU
		{EC81FF89-0EC0-4690-A69F-47B3177D9625}.Release|Any CPU.ActiveCfg = Release|Any CPU
		{EC81FF89-0EC0-4690-A69F-47B3177D9625}.Release|Any CPU.Build.0 = Release|Any CPU
		{9A574FA7-F057-4DE7-BD09-4767B505E312}.Debug|Any CPU.ActiveCfg = Debug|Any CPU
		{9A574FA7-F057-4DE7-BD09-4767B505E312}.Debug|Any CPU.Build.0 = Debug|Any CPU
		{9A574FA7-F057-4DE7-BD09-4767B505E312}.Release|Any CPU.ActiveCfg = Release|Any CPU
		{9A574FA7-F057-4DE7-BD09-4767B505E312}.Release|Any CPU.Build.0 = Release|Any CPU
	EndGlobalSection
	GlobalSection(NestedProjects) = preSolution
		{64D400C5-DE9B-40CD-BA0C-5A319358A306} = {BD4C387E-2833-4D50-8811-48BA44AD78C6}
		{B174E346-0299-40D6-9C33-8AE08FC9DD34} = {84E84C5A-B660-4368-BBD6-4646751286CD}
		{0AB1DA63-E31B-486B-893C-D6BEEDA9DFAA} = {84E84C5A-B660-4368-BBD6-4646751286CD}
		{EC81FF89-0EC0-4690-A69F-47B3177D9625} = {BD4C387E-2833-4D50-8811-48BA44AD78C6}
		{14BBA4D4-95E4-419B-A4DD-EB1BE8AFF00C} = {02E7E0F3-F0B0-4411-8609-AA0F00F0ABBC}
		{9A574FA7-F057-4DE7-BD09-4767B505E312} = {02E7E0F3-F0B0-4411-8609-AA0F00F0ABBC}
	EndGlobalSection
EndGlobal
